
Microsoft Visual Studio Solution File, Format Version 12.00
# Visual Studio Version 16
VisualStudioVersion = 16.0.30907.101
MinimumVisualStudioVersion = 10.0.40219.1
Project("{FAE04EC0-301F-11D3-BF4B-00C04F79EFBC}") = "AzerothMap", "AzerothMap\AzerothMap.csproj", "{98D94441-B098-4C4D-81B8-EF032DC8FD56}"
EndProject
Global
	GlobalSection(SolutionConfigurationPlatforms) = preSolution
		Debug|Any CPU = Debug|Any CPU
		Release|Any CPU = Release|Any CPU
	EndGlobalSection
	GlobalSection(ProjectConfigurationPlatforms) = postSolution
		{98D94441-B098-4C4D-81B8-EF032DC8FD56}.Debug|Any CPU.ActiveCfg = Debug|Any CPU
		{98D94441-B098-4C4D-81B8-EF032DC8FD56}.Debug|Any CPU.Build.0 = Debug|Any CPU
		{98D94441-B098-4C4D-81B8-EF032DC8FD56}.Release|Any CPU.ActiveCfg = Release|Any CPU
		{98D94441-B098-4C4D-81B8-EF032DC8FD56}.Release|Any CPU.Build.0 = Release|Any CPU
	EndGlobalSection
	GlobalSection(SolutionProperties) = preSolution
		HideSolutionNode = FALSE
	EndGlobalSection
	GlobalSection(ExtensibilityGlobals) = postSolution
		SolutionGuid = {4D7583A1-A737-4543-BA87-75D0FB406661}
	EndGlobalSection
EndGlobal
